{
  "name": "mei-friend",
  "version": "0.5.3",
  "lockfileVersion": 1,
  "requires": true,
  "dependencies": {
    "atom-package-deps": {
      "version": "4.6.2",
      "resolved": "https://registry.npmjs.org/atom-package-deps/-/atom-package-deps-4.6.2.tgz",
      "integrity": "sha512-GOcCULZPzpcFfnHo9Oz5fT/EaArFHNs84E4rp/Nox0/GlS1UYkEF44FRdgD+7TxAudRfQAXE0a8wh0GealCXZg==",
      "requires": {
        "atom-package-path": "^1.1.0",
        "sb-fs": "^3.0.0",
        "semver": "^5.3.0"
      }
    },
    "atom-package-path": {
      "version": "1.1.0",
      "resolved": "https://registry.npmjs.org/atom-package-path/-/atom-package-path-1.1.0.tgz",
      "integrity": "sha1-tR/tvADnyM5SI9DYA9t6P09pYU8=",
      "requires": {
        "sb-callsite": "^1.1.2"
      }
    },
    "atom-select-list": {
      "version": "0.8.1",
      "resolved": "https://registry.npmjs.org/atom-select-list/-/atom-select-list-0.8.1.tgz",
      "integrity": "sha512-MpwlZmmI81odx7rY+HpJrRmDW9aXlkFDFDNt70JxrPibxEh8h9HCZZj22woa4CKFKVXC8sEiLMcNtuDeE10jog==",
      "requires": {
        "etch": "^0.14.0",
        "fuzzaldrin": "^2.1.0"
      }
    },
    "etch": {
      "version": "0.14.1",
      "resolved": "https://registry.npmjs.org/etch/-/etch-0.14.1.tgz",
      "integrity": "sha512-+IwqSDBhaQFMUHJu4L/ir0dhDoW5IIihg4Z9lzsIxxne8V0PlSg0gnk2STaKWjGJQnDR4cxpA+a/dORX9kycTA=="
    },
    "fuzzaldrin": {
      "version": "2.1.0",
      "resolved": "https://registry.npmjs.org/fuzzaldrin/-/fuzzaldrin-2.1.0.tgz",
      "integrity": "sha1-kCBMPi/appQbso0WZF1BgGOpDps="
    },
    "is-utf8": {
      "version": "0.2.1",
      "resolved": "https://registry.npmjs.org/is-utf8/-/is-utf8-0.2.1.tgz",
      "integrity": "sha1-Sw2hRCEE0bM2NA6AeX6GXPOffXI="
    },
    "jquery": {
      "version": "3.6.0",
      "resolved": "https://registry.npmjs.org/jquery/-/jquery-3.6.0.tgz",
      "integrity": "sha512-JVzAR/AjBvVt2BmYhxRCSYysDsPcssdmTFnzyLEts9qNwmjmu4JTAMYubEfwVOSwpQ1I1sKKFcxhZCI2buerfw=="
    },
    "sb-callsite": {
      "version": "1.1.3",
      "resolved": "https://registry.npmjs.org/sb-callsite/-/sb-callsite-1.1.3.tgz",
      "integrity": "sha512-wM9xJVV9KOaCmFb5GAnAwLhXCd0Pftaf8M7MY2d2rzE94Ae57cq4seFvKKdtXyaipUolbVqfbZ3IcuThmjKqsg=="
    },
    "sb-fs": {
      "version": "3.0.0",
      "resolved": "https://registry.npmjs.org/sb-fs/-/sb-fs-3.0.0.tgz",
      "integrity": "sha1-+9zdMBDoChuOJ0kM7zNgZJdCA7g=",
      "requires": {
        "sb-promisify": "^2.0.1",
        "strip-bom-buf": "^1.0.0"
      }
    },
    "sb-promisify": {
      "version": "2.0.2",
      "resolved": "https://registry.npmjs.org/sb-promisify/-/sb-promisify-2.0.2.tgz",
      "integrity": "sha1-QnelR1RIiqlnXYhuNU24lMm9yYE="
    },
    "semver": {
      "version": "5.7.1",
      "resolved": "https://registry.npmjs.org/semver/-/semver-5.7.1.tgz",
      "integrity": "sha512-sauaDf/PZdVgrLTNYHRtpXa1iRiKcaebiKQ1BJdpQlWH2lCvexQdX55snPFyK7QzpudqbCI0qXFfOasHdyNDGQ=="
    },
    "strip-bom-buf": {
      "version": "1.0.0",
      "resolved": "https://registry.npmjs.org/strip-bom-buf/-/strip-bom-buf-1.0.0.tgz",
      "integrity": "sha1-HLRar1dTD0yvhsf3UXnSyaUd1XI=",
      "requires": {
        "is-utf8": "^0.2.1"
      }
    },
    "verovio": {
      "version": "3.6.0",
      "resolved": "https://registry.npmjs.org/verovio/-/verovio-3.6.0.tgz",
      "integrity": "sha512-2Y6uxdtQ4cnkeTkLAttZxFf4VivHgK1PWQgA1nlpzmwssSl5SWauWoZAIXA4YdiOvINWwU/hMUUPbKl9lcUTaA=="
    }
  }
}
