{
  "name": "mei-friend",
  "version": "0.1.2",
  "lockfileVersion": 2,
  "requires": true,
  "packages": {
    "": {
      "version": "0.0.0",
      "license": "MIT",
      "dependencies": {
        "verovio": "2.2.0"
      },
      "engines": {
        "atom": ">=1.0.0 <2.0.0"
      }
    },
    "node_modules/verovio": {
      "version": "2.2.0",
      "resolved": "https://registry.npmjs.org/verovio/-/verovio-2.2.0.tgz",
      "integrity": "sha512-92p/1hlk9Br8OVrV1v96TjIgxniqkhDE16hCIXDyHLmWJCvun/WwQkprXghAwJ5eSprDkpJ2Weg1EZRJz+uOow==",
      "engines": {
        "node": ">= 7.0.0"
      }
    }
  },
  "dependencies": {
    "verovio": {
      "version": "2.2.0",
      "resolved": "https://registry.npmjs.org/verovio/-/verovio-2.2.0.tgz",
      "integrity": "sha512-92p/1hlk9Br8OVrV1v96TjIgxniqkhDE16hCIXDyHLmWJCvun/WwQkprXghAwJ5eSprDkpJ2Weg1EZRJz+uOow=="
    }
  }
}
